
Microsoft Visual Studio Solution File, Format Version 12.00
# Visual Studio Version 16
VisualStudioVersion = 16.0.31729.503
MinimumVisualStudioVersion = 10.0.40219.1
Project("{FAE04EC0-301F-11D3-BF4B-00C04F79EFBC}") = "LoginLogoutBlazor", "LoginLogoutBlazor\LoginLogoutBlazor.csproj", "{59A17CD9-83D4-40AE-AF13-95FB1B65393D}"
EndProject
Global
	GlobalSection(SolutionConfigurationPlatforms) = preSolution
		Debug|Any CPU = Debug|Any CPU
		Release|Any CPU = Release|Any CPU
	EndGlobalSection
	GlobalSection(ProjectConfigurationPlatforms) = postSolution
		{59A17CD9-83D4-40AE-AF13-95FB1B65393D}.Debug|Any CPU.ActiveCfg = Debug|Any CPU
		{59A17CD9-83D4-40AE-AF13-95FB1B65393D}.Debug|Any CPU.Build.0 = Debug|Any CPU
		{59A17CD9-83D4-40AE-AF13-95FB1B65393D}.Release|Any CPU.ActiveCfg = Release|Any CPU
		{59A17CD9-83D4-40AE-AF13-95FB1B65393D}.Release|Any CPU.Build.0 = Release|Any CPU
	EndGlobalSection
	GlobalSection(SolutionProperties) = preSolution
		HideSolutionNode = FALSE
	EndGlobalSection
	GlobalSection(ExtensibilityGlobals) = postSolution
		SolutionGuid = {62E19FE6-D903-44E6-ACA0-C908C5920F63}
	EndGlobalSection
EndGlobal
